Microsoft Visual Studio Solution File, Format Version 12.00
# Visual Studio Version 17
VisualStudioVersion = 17.5.2.0
MinimumVisualStudioVersion = 10.0.40219.1
Project("{FAE04EC0-301F-11D3-BF4B-00C04F79EFBC}") = "FileSyncX", "FileSyncX\FileSyncX.csproj", "{8FDC8D0B-4E6A-7AE1-08FF-42E1822F791D}"
EndProject
Global
	GlobalSection(SolutionConfigurationPlatforms) = preSolution
		Debug|Any CPU = Debug|Any CPU
		Release|Any CPU = Release|Any CPU
	EndGlobalSection
	GlobalSection(ProjectConfigurationPlatforms) = postSolution
		{8FDC8D0B-4E6A-7AE1-08FF-42E1822F791D}.Debug|Any CPU.ActiveCfg = Debug|Any CPU
		{8FDC8D0B-4E6A-7AE1-08FF-42E1822F791D}.Debug|Any CPU.Build.0 = Debug|Any CPU
		{8FDC8D0B-4E6A-7AE1-08FF-42E1822F791D}.Release|Any CPU.ActiveCfg = Release|Any CPU
		{8FDC8D0B-4E6A-7AE1-08FF-42E1822F791D}.Release|Any CPU.Build.0 = Release|Any CPU
	EndGlobalSection
	GlobalSection(SolutionProperties) = preSolution
		HideSolutionNode = FALSE
	EndGlobalSection
	GlobalSection(ExtensibilityGlobals) = postSolution
		SolutionGuid = {912016A3-4223-4C6F-9203-4E9FD311AB2C}
	EndGlobalSection
EndGlobal
